
Microsoft Visual Studio Solution File, Format Version 12.00
# Visual Studio Version 16
VisualStudioVersion = 16.0.30503.244
MinimumVisualStudioVersion = 10.0.40219.1
Project("{FAE04EC0-301F-11D3-BF4B-00C04F79EFBC}") = "MDTest", "MDTest\MDTest.csproj", "{5CDC31BA-7D72-4106-BACB-E69F8C11DA78}"
EndProject
Global
	GlobalSection(SolutionConfigurationPlatforms) = preSolution
		Debug|Any CPU = Debug|Any CPU
		Release|Any CPU = Release|Any CPU
	EndGlobalSection
	GlobalSection(ProjectConfigurationPlatforms) = postSolution
		{5CDC31BA-7D72-4106-BACB-E69F8C11DA78}.Debug|Any CPU.ActiveCfg = Debug|Any CPU
		{5CDC31BA-7D72-4106-BACB-E69F8C11DA78}.Debug|Any CPU.Build.0 = Debug|Any CPU
		{5CDC31BA-7D72-4106-BACB-E69F8C11DA78}.Release|Any CPU.ActiveCfg = Release|Any CPU
		{5CDC31BA-7D72-4106-BACB-E69F8C11DA78}.Release|Any CPU.Build.0 = Release|Any CPU
	EndGlobalSection
	GlobalSection(SolutionProperties) = preSolution
		HideSolutionNode = FALSE
	EndGlobalSection
	GlobalSection(ExtensibilityGlobals) = postSolution
		SolutionGuid = {7DF67348-DA97-44E4-91AA-0A804F10996D}
	EndGlobalSection
EndGlobal
